{
  "lockfileVersion": 1,
  "configVersion": 1,
  "workspaces": {
    "": {
      "name": "bun-env-print",
      "devDependencies": {
        "@d-dev/bin-upload": "^0.0.9",
        "@types/bun": "latest",
      },
      "peerDependencies": {
        "typescript": "^5",
      },
    },
  },
  "packages": {
    "@d-dev/bin-upload": ["@d-dev/bin-upload@0.0.9", "", { "optionalDependencies": { "@d-dev/bin-upload-darwin-arm64": "0.0.9", "@d-dev/bin-upload-darwin-x64": "0.0.9", "@d-dev/bin-upload-linux-arm64": "0.0.9", "@d-dev/bin-upload-linux-x64": "0.0.9", "@d-dev/bin-upload-win-x64": "0.0.9" }, "bin": { "bin-upload": "index.js" } }, "sha512-UitWl83r1bGjUtTqfYObaVNJsaE5Z0VVE2Q+1HsDkJeql2zm4vwGl++UJS3TnWZkBbRHDvUIJ9reZg+8ctC4mA=="],

    "@d-dev/bin-upload-darwin-arm64": ["@d-dev/bin-upload-darwin-arm64@0.0.9", "", { "os": "darwin", "cpu": "arm64" }, "sha512-oZoadQFVQUaJsHGHJAn80BPFHmCE/JxF4UD9jHkkHUSWJEJ/MWF2bZT9EWG4pykdSVEjlWE1AF6MNL1QkQb+QQ=="],

    "@d-dev/bin-upload-darwin-x64": ["@d-dev/bin-upload-darwin-x64@0.0.9", "", { "os": "darwin", "cpu": "x64" }, "sha512-TeAAQbYAMfdF+8cetIkS20Isvc2xOLTpePZhMQxrfEszXl62bk1MDNqlJ1lbXwswa2Xa7an74vPpLrq+8eaPvw=="],

    "@d-dev/bin-upload-linux-arm64": ["@d-dev/bin-upload-linux-arm64@0.0.9", "", { "os": "linux", "cpu": "arm64" }, "sha512-6t0ueZvgA+lVbHrtSbMEq/wlaEPnMmic1YQzka0kYTw8mS1PhKJaV8evDzQLlzSRL33oqR0eM6lqzbp3VcBoYA=="],

    "@d-dev/bin-upload-linux-x64": ["@d-dev/bin-upload-linux-x64@0.0.9", "", { "os": "linux", "cpu": "x64" }, "sha512-wfmA5hL5exAMKzSTCHzPIIzipvQE5gaVhLbG0J79NGqH8o21PtjcGgKrgLFrUtGCSEEjO28hvdIC37RCKcUT9Q=="],

    "@d-dev/bin-upload-win-x64": ["@d-dev/bin-upload-win-x64@0.0.9", "", { "os": "win32", "cpu": "x64" }, "sha512-KaE43ammOQbTFvSQPkXyX/NVCMLAeDLjo/tLLE0hfjQtt//hW7Bq+Qgoe/sgxgpVdNXkm0SEXzSWxhZHWFp6PQ=="],

    "@types/bun": ["@types/bun@1.3.9", "", { "dependencies": { "bun-types": "1.3.9" } }, "sha512-KQ571yULOdWJiMH+RIWIOZ7B2RXQGpL1YQrBtLIV3FqDcCu6FsbFUBwhdKUlCKUpS3PJDsHlJ1QKlpxoVR+xtw=="],

    "@types/node": ["@types/node@25.3.0", "", { "dependencies": { "undici-types": "~7.18.0" } }, "sha512-4K3bqJpXpqfg2XKGK9bpDTc6xO/xoUP/RBWS7AtRMug6zZFaRekiLzjVtAoZMquxoAbzBvy5nxQ7veS5eYzf8A=="],

    "bun-types": ["bun-types@1.3.9", "", { "dependencies": { "@types/node": "*" } }, "sha512-+UBWWOakIP4Tswh0Bt0QD0alpTY8cb5hvgiYeWCMet9YukHbzuruIEeXC2D7nMJPB12kbh8C7XJykSexEqGKJg=="],

    "typescript": ["typescript@5.9.3", "", { "bin": { "tsc": "bin/tsc", "tsserver": "bin/tsserver" } }, "sha512-jl1vZzPDinLr9eUt3J/t7V6FgNEw9QjvBPdysz9KfQDD41fQrC2Y4vKQdiaUpFT4bXlb1RHhLpp8wtm6M5TgSw=="],

    "undici-types": ["undici-types@7.18.2", "", {}, "sha512-AsuCzffGHJybSaRrmr5eHr81mwJU3kjw6M+uprWvCXiNeN9SOGwQ3Jn8jb8m3Z6izVgknn1R0FTCEAP2QrLY/w=="],
  }
}
